// !$*UTF8*$!
{
	archiveVersion = 1;
	classes = {
	};
	objectVersion = 77;
	objects = {

/* Begin PBXBuildFile section */
		29272702416B6EA522BFBB9A /* RemoteUpdateGate.swift in Sources */ = {isa = PBXBuildFile; fileRef = 53C9C1748093170E86031D13 /* RemoteUpdateGate.swift */; };
		75CF28562F35085E00631EA1 /* RevenueCat in Frameworks */ = {isa = PBXBuildFile; productRef = 75CF28552F35085E00631EA1 /* RevenueCat */; };
		75CF28582F35085E00631EA1 /* RevenueCatUI in Frameworks */ = {isa = PBXBuildFile; productRef = 75CF28572F35085E00631EA1 /* RevenueCatUI */; };
		5F1D7E922F4A000100000001 /* TelemetryDeck in Frameworks */ = {isa = PBXBuildFile; productRef = 5F1D7E912F4A000100000001 /* TelemetryDeck */; };
/* End PBXBuildFile section */

/* Begin PBXContainerItemProxy section */
		75D59AF82EB3546B006FDFED /* PBXContainerItemProxy */ = {
			isa = PBXContainerItemProxy;
			containerPortal = 75D59AE02EB3546A006FDFED /* Project object */;
			proxyType = 1;
			remoteGlobalIDString = 75D59AE72EB3546A006FDFED;
			remoteInfo = QuitERGY;
		};
		75D59B022EB3546B006FDFED /* PBXContainerItemProxy */ = {
			isa = PBXContainerItemProxy;
			containerPortal = 75D59AE02EB3546A006FDFED /* Project object */;
			proxyType = 1;
			remoteGlobalIDString = 75D59AE72EB3546A006FDFED;
			remoteInfo = QuitERGY;
		};
/* End PBXContainerItemProxy section */

/* Begin PBXFileReference section */
		53C9C1748093170E86031D13 /* RemoteUpdateGate.swift */ = {isa = PBXFileReference; includeInIndex = 1; lastKnownFileType = sourcecode.swift; name = RemoteUpdateGate.swift; path = QuitERGY/RemoteUpdateGate.swift; sourceTree = "<group>"; };
		75D59AE82EB3546A006FDFED /* QuitERGY.app */ = {isa = PBXFileReference; explicitFileType = wrapper.application; includeInIndex = 0; path = QuitERGY.app; sourceTree = BUILT_PRODUCTS_DIR; };
		75D59AF72EB3546B006FDFED /* QuitERGYTests.xctest */ = {isa = PBXFileReference; explicitFileType = wrapper.cfbundle; includeInIndex = 0; path = QuitERGYTests.xctest; sourceTree = BUILT_PRODUCTS_DIR; };
		75D59B012EB3546B006FDFED /* QuitERGYUITests.xctest */ = {isa = PBXFileReference; explicitFileType = wrapper.cfbundle; includeInIndex = 0; path = QuitERGYUITests.xctest; sourceTree = BUILT_PRODUCTS_DIR; };
		A1B2C3D42F3A000100000001 /* QuitERGY.storekit */ = {isa = PBXFileReference; lastKnownFileType = text; path = QuitERGY.storekit; sourceTree = "<group>"; };
/* End PBXFileReference section */

/* Begin PBXFileSystemSynchronizedRootGroup section */
		75D59AEA2EB3546A006FDFED /* QuitERGY */ = {
			isa = PBXFileSystemSynchronizedRootGroup;
			exceptions = (
			);
			path = QuitERGY;
			sourceTree = "<group>";
		};
		75D59AFA2EB3546B006FDFED /* QuitERGYTests */ = {
			isa = PBXFileSystemSynchronizedRootGroup;
			exceptions = (
			);
			path = QuitERGYTests;
			sourceTree = "<group>";
		};
		75D59B042EB3546B006FDFED /* QuitERGYUITests */ = {
			isa = PBXFileSystemSynchronizedRootGroup;
			exceptions = (
			);
			path = QuitERGYUITests;
			sourceTree = "<group>";
		};
/* End PBXFileSystemSynchronizedRootGroup section */

/* Begin PBXFrameworksBuildPhase section */
		75D59AE52EB3546A006FDFED /* Frameworks */ = {
			isa = PBXFrameworksBuildPhase;
			buildActionMask = 2147483647;
			files = (
				5F1D7E922F4A000100000001 /* TelemetryDeck in Frameworks */,
				75CF28582F35085E00631EA1 /* RevenueCatUI in Frameworks */,
				75CF28562F35085E00631EA1 /* RevenueCat in Frameworks */,
			);
			runOnlyForDeploymentPostprocessing = 0;
		};
		75D59AF42EB3546B006FDFED /* Frameworks */ = {
			isa = PBXFrameworksBuildPhase;
			buildActionMask = 2147483647;
			files = (
			);
			runOnlyForDeploymentPostprocessing = 0;
		};
		75D59AFE2EB3546B006FDFED /* Frameworks */ = {
			isa = PBXFrameworksBuildPhase;
			buildActionMask = 2147483647;
			files = (
			);
			runOnlyForDeploymentPostprocessing = 0;
		};
/* End PBXFrameworksBuildPhase section */

/* Begin PBXGroup section */
		75D59ADF2EB3546A006FDFED = {
			isa = PBXGroup;
			children = (
				A1B2C3D42F3A000100000001 /* QuitERGY.storekit */,
				75D59AEA2EB3546A006FDFED /* QuitERGY */,
				75D59AFA2EB3546B006FDFED /* QuitERGYTests */,
				75D59B042EB3546B006FDFED /* QuitERGYUITests */,
				75D59AE92EB3546A006FDFED /* Products */,
				53C9C1748093170E86031D13 /* RemoteUpdateGate.swift */,
			);
			sourceTree = "<group>";
		};
		75D59AE92EB3546A006FDFED /* Products */ = {
			isa = PBXGroup;
			children = (
				75D59AE82EB3546A006FDFED /* QuitERGY.app */,
				75D59AF72EB3546B006FDFED /* QuitERGYTests.xctest */,
				75D59B012EB3546B006FDFED /* QuitERGYUITests.xctest */,
			);
			name = Products;
			sourceTree = "<group>";
		};
/* End PBXGroup section */

/* Begin PBXNativeTarget section */
		75D59AE72EB3546A006FDFED /* QuitERGY */ = {
			isa = PBXNativeTarget;
			buildConfigurationList = 75D59B0B2EB3546B006FDFED /* Build configuration list for PBXNativeTarget "QuitERGY" */;
			buildPhases = (
				75D59AE42EB3546A006FDFED /* Sources */,
				75D59AE52EB3546A006FDFED /* Frameworks */,
				75D59AE62EB3546A006FDFED /* Resources */,
			);
			buildRules = (
			);
			dependencies = (
			);
			fileSystemSynchronizedGroups = (
				75D59AEA2EB3546A006FDFED /* QuitERGY */,
			);
			name = QuitERGY;
			packageProductDependencies = (
				75CF28552F35085E00631EA1 /* RevenueCat */,
				75CF28572F35085E00631EA1 /* RevenueCatUI */,
				5F1D7E912F4A000100000001 /* TelemetryDeck */,
			);
			productName = QuitERGY;
			productReference = 75D59AE82EB3546A006FDFED /* QuitERGY.app */;
			productType = "com.apple.product-type.application";
		};
		75D59AF62EB3546B006FDFED /* QuitERGYTests */ = {
			isa = PBXNativeTarget;
			buildConfigurationList = 75D59B0E2EB3546B006FDFED /* Build configuration list for PBXNativeTarget "QuitERGYTests" */;
			buildPhases = (
				75D59AF32EB3546B006FDFED /* Sources */,
				75D59AF42EB3546B006FDFED /* Frameworks */,
				75D59AF52EB3546B006FDFED /* Resources */,
			);
			buildRules = (
			);
			dependencies = (
				75D59AF92EB3546B006FDFED /* PBXTargetDependency */,
			);
			fileSystemSynchronizedGroups = (
				75D59AFA2EB3546B006FDFED /* QuitERGYTests */,
			);
			name = QuitERGYTests;
			productName = QuitERGYTests;
			productReference = 75D59AF72EB3546B006FDFED /* QuitERGYTests.xctest */;
			productType = "com.apple.product-type.bundle.unit-test";
		};
		75D59B002EB3546B006FDFED /* QuitERGYUITests */ = {
			isa = PBXNativeTarget;
			buildConfigurationList = 75D59B112EB3546B006FDFED /* Build configuration list for PBXNativeTarget "QuitERGYUITests" */;
			buildPhases = (
				75D59AFD2EB3546B006FDFED /* Sources */,
				75D59AFE2EB3546B006FDFED /* Frameworks */,
				75D59AFF2EB3546B006FDFED /* Resources */,
			);
			buildRules = (
			);
			dependencies = (
				75D59B032EB3546B006FDFED /* PBXTargetDependency */,
			);
			fileSystemSynchronizedGroups = (
				75D59B042EB3546B006FDFED /* QuitERGYUITests */,
			);
			name = QuitERGYUITests;
			productName = QuitERGYUITests;
			productReference = 75D59B012EB3546B006FDFED /* QuitERGYUITests.xctest */;
			productType = "com.apple.product-type.bundle.ui-testing";
		};
/* End PBXNativeTarget section */

/* Begin PBXProject section */
		75D59AE02EB3546A006FDFED /* Project object */ = {
			isa = PBXProject;
			attributes = {
				BuildIndependentTargetsInParallel = 1;
				LastSwiftUpdateCheck = 2600;
				LastUpgradeCheck = 2600;
				TargetAttributes = {
					75D59AE72EB3546A006FDFED = {
						CreatedOnToolsVersion = 26.0;
					};
					75D59AF62EB3546B006FDFED = {
						CreatedOnToolsVersion = 26.0;
						TestTargetID = 75D59AE72EB3546A006FDFED;
					};
					75D59B002EB3546B006FDFED = {
						CreatedOnToolsVersion = 26.0;
						TestTargetID = 75D59AE72EB3546A006FDFED;
					};
				};
			};
			buildConfigurationList = 75D59AE32EB3546A006FDFED /* Build configuration list for PBXProject "QuitERGY" */;
			developmentRegion = en;
			hasScannedForEncodings = 0;
			knownRegions = (
				en,
				de,
				es,
				fr,
				Base,
			);
			mainGroup = 75D59ADF2EB3546A006FDFED;
			minimizedProjectReferenceProxies = 1;
			packageReferences = (
				75CF28542F35085E00631EA1 /* XCRemoteSwiftPackageReference "purchases-ios-spm" */,
				5F1D7E902F4A000100000001 /* XCRemoteSwiftPackageReference "SwiftSDK" */,
			);
			preferredProjectObjectVersion = 77;
			productRefGroup = 75D59AE92EB3546A006FDFED /* Products */;
			projectDirPath = "";
			projectRoot = "";
			targets = (
				75D59AE72EB3546A006FDFED /* QuitERGY */,
				75D59AF62EB3546B006FDFED /* QuitERGYTests */,
				75D59B002EB3546B006FDFED /* QuitERGYUITests */,
			);
		};
/* End PBXProject section */

/* Begin PBXResourcesBuildPhase section */
		75D59AE62EB3546A006FDFED /* Resources */ = {
			isa = PBXResourcesBuildPhase;
			buildActionMask = 2147483647;
			files = (
			);
			runOnlyForDeploymentPostprocessing = 0;
		};
		75D59AF52EB3546B006FDFED /* Resources */ = {
			isa = PBXResourcesBuildPhase;
			buildActionMask = 2147483647;
			files = (
			);
			runOnlyForDeploymentPostprocessing = 0;
		};
		75D59AFF2EB3546B006FDFED /* Resources */ = {
			isa = PBXResourcesBuildPhase;
			buildActionMask = 2147483647;
			files = (
			);
			runOnlyForDeploymentPostprocessing = 0;
		};
/* End PBXResourcesBuildPhase section */

/* Begin PBXSourcesBuildPhase section */
		75D59AE42EB3546A006FDFED /* Sources */ = {
			isa = PBXSourcesBuildPhase;
			buildActionMask = 2147483647;
			files = (
				29272702416B6EA522BFBB9A /* RemoteUpdateGate.swift in Sources */,
			);
			runOnlyForDeploymentPostprocessing = 0;
		};
		75D59AF32EB3546B006FDFED /* Sources */ = {
			isa = PBXSourcesBuildPhase;
			buildActionMask = 2147483647;
			files = (
			);
			runOnlyForDeploymentPostprocessing = 0;
		};
		75D59AFD2EB3546B006FDFED /* Sources */ = {
			isa = PBXSourcesBuildPhase;
			buildActionMask = 2147483647;
			files = (
			);
			runOnlyForDeploymentPostprocessing = 0;
		};
/* End PBXSourcesBuildPhase section */

/* Begin PBXTargetDependency section */
		75D59AF92EB3546B006FDFED /* PBXTargetDependency */ = {
			isa = PBXTargetDependency;
			target = 75D59AE72EB3546A006FDFED /* QuitERGY */;
			targetProxy = 75D59AF82EB3546B006FDFED /* PBXContainerItemProxy */;
		};
		75D59B032EB3546B006FDFED /* PBXTargetDependency */ = {
			isa = PBXTargetDependency;
			target = 75D59AE72EB3546A006FDFED /* QuitERGY */;
			targetProxy = 75D59B022EB3546B006FDFED /* PBXContainerItemProxy */;
		};
/* End PBXTargetDependency section */

/* Begin XCBuildConfiguration section */
		75D59B092EB3546B006FDFED /* Debug */ = {
			isa = XCBuildConfiguration;
			buildSettings = {
				ALWAYS_SEARCH_USER_PATHS = NO;
				ASSETCATALOG_COMPILER_GENERATE_SWIFT_ASSET_SYMBOL_EXTENSIONS = YES;
				CLANG_ANALYZER_NONNULL = YES;
				CLANG_ANALYZER_NUMBER_OBJECT_CONVERSION = YES_AGGRESSIVE;
				CLANG_CXX_LANGUAGE_STANDARD = "gnu++20";
				CLANG_ENABLE_MODULES = YES;
				CLANG_ENABLE_OBJC_ARC = YES;
				CLANG_ENABLE_OBJC_WEAK = YES;
				CLANG_WARN_BLOCK_CAPTURE_AUTORELEASING = YES;
				CLANG_WARN_BOOL_CONVERSION = YES;
				CLANG_WARN_COMMA = YES;
				CLANG_WARN_CONSTANT_CONVERSION = YES;
				CLANG_WARN_DEPRECATED_OBJC_IMPLEMENTATIONS = YES;
				CLANG_WARN_DIRECT_OBJC_ISA_USAGE = YES_ERROR;
				CLANG_WARN_DOCUMENTATION_COMMENTS = YES;
				CLANG_WARN_EMPTY_BODY = YES;
				CLANG_WARN_ENUM_CONVERSION = YES;
				CLANG_WARN_INFINITE_RECURSION = YES;
				CLANG_WARN_INT_CONVERSION = YES;
				CLANG_WARN_NON_LITERAL_NULL_CONVERSION = YES;
				CLANG_WARN_OBJC_IMPLICIT_RETAIN_SELF = YES;
				CLANG_WARN_OBJC_LITERAL_CONVERSION = YES;
				CLANG_WARN_OBJC_ROOT_CLASS = YES_ERROR;
				CLANG_WARN_QUOTED_INCLUDE_IN_FRAMEWORK_HEADER = YES;
				CLANG_WARN_RANGE_LOOP_ANALYSIS = YES;
				CLANG_WARN_STRICT_PROTOTYPES = YES;
				CLANG_WARN_SUSPICIOUS_MOVE = YES;
				CLANG_WARN_UNGUARDED_AVAILABILITY = YES_AGGRESSIVE;
				CLANG_WARN_UNREACHABLE_CODE = YES;
				CLANG_WARN__DUPLICATE_METHOD_MATCH = YES;
				COPY_PHASE_STRIP = NO;
				DEBUG_INFORMATION_FORMAT = dwarf;
				DEVELOPMENT_TEAM = LPPZFWPAN7;
				ENABLE_STRICT_OBJC_MSGSEND = YES;
				ENABLE_TESTABILITY = YES;
				ENABLE_USER_SCRIPT_SANDBOXING = YES;
				GCC_C_LANGUAGE_STANDARD = gnu17;
				GCC_DYNAMIC_NO_PIC = NO;
				GCC_NO_COMMON_BLOCKS = YES;
				GCC_OPTIMIZATION_LEVEL = 0;
				GCC_PREPROCESSOR_DEFINITIONS = (
					"DEBUG=1",
					"$(inherited)",
				);
				GCC_WARN_64_TO_32_BIT_CONVERSION = YES;
				GCC_WARN_ABOUT_RETURN_TYPE = YES_ERROR;
				GCC_WARN_UNDECLARED_SELECTOR = YES;
				GCC_WARN_UNINITIALIZED_AUTOS = YES_AGGRESSIVE;
				GCC_WARN_UNUSED_FUNCTION = YES;
				GCC_WARN_UNUSED_VARIABLE = YES;
				IPHONEOS_DEPLOYMENT_TARGET = 26.0;
				LOCALIZATION_PREFERS_STRING_CATALOGS = YES;
				MTL_ENABLE_DEBUG_INFO = INCLUDE_SOURCE;
				MTL_FAST_MATH = YES;
				ONLY_ACTIVE_ARCH = YES;
				SDKROOT = iphoneos;
				SWIFT_ACTIVE_COMPILATION_CONDITIONS = "DEBUG $(inherited)";
				SWIFT_OPTIMIZATION_LEVEL = "-Onone";
			};
			name = Debug;
		};
		75D59B0A2EB3546B006FDFED /* Release */ = {
			isa = XCBuildConfiguration;
			buildSettings = {
				ALWAYS_SEARCH_USER_PATHS = NO;
				ASSETCATALOG_COMPILER_GENERATE_SWIFT_ASSET_SYMBOL_EXTENSIONS = YES;
				CLANG_ANALYZER_NONNULL = YES;
				CLANG_ANALYZER_NUMBER_OBJECT_CONVERSION = YES_AGGRESSIVE;
				CLANG_CXX_LANGUAGE_STANDARD = "gnu++20";
				CLANG_ENABLE_MODULES = YES;
				CLANG_ENABLE_OBJC_ARC = YES;
				CLANG_ENABLE_OBJC_WEAK = YES;
				CLANG_WARN_BLOCK_CAPTURE_AUTORELEASING = YES;
				CLANG_WARN_BOOL_CONVERSION = YES;
				CLANG_WARN_COMMA = YES;
				CLANG_WARN_CONSTANT_CONVERSION = YES;
				CLANG_WARN_DEPRECATED_OBJC_IMPLEMENTATIONS = YES;
				CLANG_WARN_DIRECT_OBJC_ISA_USAGE = YES_ERROR;
				CLANG_WARN_DOCUMENTATION_COMMENTS = YES;
				CLANG_WARN_EMPTY_BODY = YES;
				CLANG_WARN_ENUM_CONVERSION = YES;
				CLANG_WARN_INFINITE_RECURSION = YES;
				CLANG_WARN_INT_CONVERSION = YES;
				CLANG_WARN_NON_LITERAL_NULL_CONVERSION = YES;
				CLANG_WARN_OBJC_IMPLICIT_RETAIN_SELF = YES;
				CLANG_WARN_OBJC_LITERAL_CONVERSION = YES;
				CLANG_WARN_OBJC_ROOT_CLASS = YES_ERROR;
				CLANG_WARN_QUOTED_INCLUDE_IN_FRAMEWORK_HEADER = YES;
				CLANG_WARN_RANGE_LOOP_ANALYSIS = YES;
				CLANG_WARN_STRICT_PROTOTYPES = YES;
				CLANG_WARN_SUSPICIOUS_MOVE = YES;
				CLANG_WARN_UNGUARDED_AVAILABILITY = YES_AGGRESSIVE;
				CLANG_WARN_UNREACHABLE_CODE = YES;
				CLANG_WARN__DUPLICATE_METHOD_MATCH = YES;
				COPY_PHASE_STRIP = NO;
				DEBUG_INFORMATION_FORMAT = "dwarf-with-dsym";
				DEVELOPMENT_TEAM = LPPZFWPAN7;
				ENABLE_NS_ASSERTIONS = NO;
				ENABLE_STRICT_OBJC_MSGSEND = YES;
				ENABLE_USER_SCRIPT_SANDBOXING = YES;
				GCC_C_LANGUAGE_STANDARD = gnu17;
				GCC_NO_COMMON_BLOCKS = YES;
				GCC_WARN_64_TO_32_BIT_CONVERSION = YES;
				GCC_WARN_ABOUT_RETURN_TYPE = YES_ERROR;
				GCC_WARN_UNDECLARED_SELECTOR = YES;
				GCC_WARN_UNINITIALIZED_AUTOS = YES_AGGRESSIVE;
				GCC_WARN_UNUSED_FUNCTION = YES;
				GCC_WARN_UNUSED_VARIABLE = YES;
				IPHONEOS_DEPLOYMENT_TARGET = 26.0;
				LOCALIZATION_PREFERS_STRING_CATALOGS = YES;
				MTL_ENABLE_DEBUG_INFO = NO;
				MTL_FAST_MATH = YES;
				SDKROOT = iphoneos;
				SWIFT_COMPILATION_MODE = wholemodule;
				VALIDATE_PRODUCT = YES;
			};
			name = Release;
		};
		75D59B0C2EB3546B006FDFED /* Debug */ = {
			isa = XCBuildConfiguration;
			buildSettings = {
				ASSETCATALOG_COMPILER_APPICON_NAME = AppIcon;
				ASSETCATALOG_COMPILER_GLOBAL_ACCENT_COLOR_NAME = AccentColor;
				CODE_SIGN_STYLE = Automatic;
				CURRENT_PROJECT_VERSION = 24;
				DEVELOPMENT_TEAM = LPPZFWPAN7;
				ENABLE_PREVIEWS = YES;
				GENERATE_INFOPLIST_FILE = YES;
				INFOPLIST_KEY_UIApplicationSceneManifest_Generation = YES;
				INFOPLIST_KEY_UIApplicationSupportsIndirectInputEvents = YES;
				INFOPLIST_KEY_UILaunchScreen_Generation = YES;
				INFOPLIST_KEY_ITSAppUsesNonExemptEncryption = NO;
				INFOPLIST_KEY_UISupportedInterfaceOrientations_iPad = "UIInterfaceOrientationPortrait UIInterfaceOrientationPortraitUpsideDown UIInterfaceOrientationLandscapeLeft UIInterfaceOrientationLandscapeRight";
				INFOPLIST_KEY_UISupportedInterfaceOrientations_iPhone = "UIInterfaceOrientationPortrait UIInterfaceOrientationLandscapeLeft UIInterfaceOrientationLandscapeRight";
				LD_RUNPATH_SEARCH_PATHS = (
					"$(inherited)",
					"@executable_path/Frameworks",
				);
				MARKETING_VERSION = 1.0.8;
				PRODUCT_BUNDLE_IDENTIFIER = com.GA.QuitERGY;
				PRODUCT_NAME = "$(TARGET_NAME)";
				STRING_CATALOG_GENERATE_SYMBOLS = YES;
				SUPPORTED_PLATFORMS = "iphoneos iphonesimulator";
				SUPPORTS_MACCATALYST = NO;
				SUPPORTS_MAC_DESIGNED_FOR_IPHONE_IPAD = NO;
				SUPPORTS_XR_DESIGNED_FOR_IPHONE_IPAD = NO;
				SWIFT_APPROACHABLE_CONCURRENCY = YES;
				SWIFT_DEFAULT_ACTOR_ISOLATION = MainActor;
				SWIFT_EMIT_LOC_STRINGS = YES;
				SWIFT_UPCOMING_FEATURE_MEMBER_IMPORT_VISIBILITY = YES;
				SWIFT_VERSION = 5.0;
				TARGETED_DEVICE_FAMILY = "1,2";
			};
			name = Debug;
		};
		75D59B0D2EB3546B006FDFED /* Release */ = {
			isa = XCBuildConfiguration;
			buildSettings = {
				ASSETCATALOG_COMPILER_APPICON_NAME = AppIcon;
				ASSETCATALOG_COMPILER_GLOBAL_ACCENT_COLOR_NAME = AccentColor;
				CODE_SIGN_STYLE = Automatic;
				CURRENT_PROJECT_VERSION = 24;
				DEVELOPMENT_TEAM = LPPZFWPAN7;
				ENABLE_PREVIEWS = YES;
				GENERATE_INFOPLIST_FILE = YES;
				INFOPLIST_KEY_UIApplicationSceneManifest_Generation = YES;
				INFOPLIST_KEY_UIApplicationSupportsIndirectInputEvents = YES;
				INFOPLIST_KEY_UILaunchScreen_Generation = YES;
				INFOPLIST_KEY_ITSAppUsesNonExemptEncryption = NO;
				INFOPLIST_KEY_UISupportedInterfaceOrientations_iPad = "UIInterfaceOrientationPortrait UIInterfaceOrientationPortraitUpsideDown UIInterfaceOrientationLandscapeLeft UIInterfaceOrientationLandscapeRight";
				INFOPLIST_KEY_UISupportedInterfaceOrientations_iPhone = "UIInterfaceOrientationPortrait UIInterfaceOrientationLandscapeLeft UIInterfaceOrientationLandscapeRight";
				LD_RUNPATH_SEARCH_PATHS = (
					"$(inherited)",
					"@executable_path/Frameworks",
				);
				MARKETING_VERSION = 1.0.8;
				PRODUCT_BUNDLE_IDENTIFIER = com.GA.QuitERGY;
				PRODUCT_NAME = "$(TARGET_NAME)";
				STRING_CATALOG_GENERATE_SYMBOLS = YES;
				SUPPORTED_PLATFORMS = "iphoneos iphonesimulator";
				SUPPORTS_MACCATALYST = NO;
				SUPPORTS_MAC_DESIGNED_FOR_IPHONE_IPAD = NO;
				SUPPORTS_XR_DESIGNED_FOR_IPHONE_IPAD = NO;
				SWIFT_APPROACHABLE_CONCURRENCY = YES;
				SWIFT_DEFAULT_ACTOR_ISOLATION = MainActor;
				SWIFT_EMIT_LOC_STRINGS = YES;
				SWIFT_UPCOMING_FEATURE_MEMBER_IMPORT_VISIBILITY = YES;
				SWIFT_VERSION = 5.0;
				TARGETED_DEVICE_FAMILY = "1,2";
			};
			name = Release;
		};
		75D59B0F2EB3546B006FDFED /* Debug */ = {
			isa = XCBuildConfiguration;
			buildSettings = {
				BUNDLE_LOADER = "$(TEST_HOST)";
				CODE_SIGN_STYLE = Automatic;
				CURRENT_PROJECT_VERSION = 1;
				DEVELOPMENT_TEAM = LPPZFWPAN7;
				GENERATE_INFOPLIST_FILE = YES;
				IPHONEOS_DEPLOYMENT_TARGET = 26.0;
				MARKETING_VERSION = 1.0;
				PRODUCT_BUNDLE_IDENTIFIER = com.GA.QuitERGYTests;
				PRODUCT_NAME = "$(TARGET_NAME)";
				STRING_CATALOG_GENERATE_SYMBOLS = NO;
				SWIFT_APPROACHABLE_CONCURRENCY = YES;
				SWIFT_EMIT_LOC_STRINGS = NO;
				SWIFT_UPCOMING_FEATURE_MEMBER_IMPORT_VISIBILITY = YES;
				SWIFT_VERSION = 5.0;
				TARGETED_DEVICE_FAMILY = "1,2";
				TEST_HOST = "$(BUILT_PRODUCTS_DIR)/QuitERGY.app/$(BUNDLE_EXECUTABLE_FOLDER_PATH)/QuitERGY";
			};
			name = Debug;
		};
		75D59B102EB3546B006FDFED /* Release */ = {
			isa = XCBuildConfiguration;
			buildSettings = {
				BUNDLE_LOADER = "$(TEST_HOST)";
				CODE_SIGN_STYLE = Automatic;
				CURRENT_PROJECT_VERSION = 1;
				DEVELOPMENT_TEAM = LPPZFWPAN7;
				GENERATE_INFOPLIST_FILE = YES;
				IPHONEOS_DEPLOYMENT_TARGET = 26.0;
				MARKETING_VERSION = 1.0;
				PRODUCT_BUNDLE_IDENTIFIER = com.GA.QuitERGYTests;
				PRODUCT_NAME = "$(TARGET_NAME)";
				STRING_CATALOG_GENERATE_SYMBOLS = NO;
				SWIFT_APPROACHABLE_CONCURRENCY = YES;
				SWIFT_EMIT_LOC_STRINGS = NO;
				SWIFT_UPCOMING_FEATURE_MEMBER_IMPORT_VISIBILITY = YES;
				SWIFT_VERSION = 5.0;
				TARGETED_DEVICE_FAMILY = "1,2";
				TEST_HOST = "$(BUILT_PRODUCTS_DIR)/QuitERGY.app/$(BUNDLE_EXECUTABLE_FOLDER_PATH)/QuitERGY";
			};
			name = Release;
		};
		75D59B122EB3546B006FDFED /* Debug */ = {
			isa = XCBuildConfiguration;
			buildSettings = {
				CODE_SIGN_STYLE = Automatic;
				CURRENT_PROJECT_VERSION = 1;
				DEVELOPMENT_TEAM = LPPZFWPAN7;
				GENERATE_INFOPLIST_FILE = YES;
				MARKETING_VERSION = 1.0;
				PRODUCT_BUNDLE_IDENTIFIER = com.GA.QuitERGYUITests;
				PRODUCT_NAME = "$(TARGET_NAME)";
				STRING_CATALOG_GENERATE_SYMBOLS = NO;
				SWIFT_APPROACHABLE_CONCURRENCY = YES;
				SWIFT_EMIT_LOC_STRINGS = NO;
				SWIFT_UPCOMING_FEATURE_MEMBER_IMPORT_VISIBILITY = YES;
				SWIFT_VERSION = 5.0;
				TARGETED_DEVICE_FAMILY = "1,2";
				TEST_TARGET_NAME = QuitERGY;
			};
			name = Debug;
		};
		75D59B132EB3546B006FDFED /* Release */ = {
			isa = XCBuildConfiguration;
			buildSettings = {
				CODE_SIGN_STYLE = Automatic;
				CURRENT_PROJECT_VERSION = 1;
				DEVELOPMENT_TEAM = LPPZFWPAN7;
				GENERATE_INFOPLIST_FILE = YES;
				MARKETING_VERSION = 1.0;
				PRODUCT_BUNDLE_IDENTIFIER = com.GA.QuitERGYUITests;
				PRODUCT_NAME = "$(TARGET_NAME)";
				STRING_CATALOG_GENERATE_SYMBOLS = NO;
				SWIFT_APPROACHABLE_CONCURRENCY = YES;
				SWIFT_EMIT_LOC_STRINGS = NO;
				SWIFT_UPCOMING_FEATURE_MEMBER_IMPORT_VISIBILITY = YES;
				SWIFT_VERSION = 5.0;
				TARGETED_DEVICE_FAMILY = "1,2";
				TEST_TARGET_NAME = QuitERGY;
			};
			name = Release;
		};
/* End XCBuildConfiguration section */

/* Begin XCConfigurationList section */
		75D59AE32EB3546A006FDFED /* Build configuration list for PBXProject "QuitERGY" */ = {
			isa = XCConfigurationList;
			buildConfigurations = (
				75D59B092EB3546B006FDFED /* Debug */,
				75D59B0A2EB3546B006FDFED /* Release */,
			);
			defaultConfigurationIsVisible = 0;
			defaultConfigurationName = Release;
		};
		75D59B0B2EB3546B006FDFED /* Build configuration list for PBXNativeTarget "QuitERGY" */ = {
			isa = XCConfigurationList;
			buildConfigurations = (
				75D59B0C2EB3546B006FDFED /* Debug */,
				75D59B0D2EB3546B006FDFED /* Release */,
			);
			defaultConfigurationIsVisible = 0;
			defaultConfigurationName = Release;
		};
		75D59B0E2EB3546B006FDFED /* Build configuration list for PBXNativeTarget "QuitERGYTests" */ = {
			isa = XCConfigurationList;
			buildConfigurations = (
				75D59B0F2EB3546B006FDFED /* Debug */,
				75D59B102EB3546B006FDFED /* Release */,
			);
			defaultConfigurationIsVisible = 0;
			defaultConfigurationName = Release;
		};
		75D59B112EB3546B006FDFED /* Build configuration list for PBXNativeTarget "QuitERGYUITests" */ = {
			isa = XCConfigurationList;
			buildConfigurations = (
				75D59B122EB3546B006FDFED /* Debug */,
				75D59B132EB3546B006FDFED /* Release */,
			);
			defaultConfigurationIsVisible = 0;
			defaultConfigurationName = Release;
		};
/* End XCConfigurationList section */

/* Begin XCRemoteSwiftPackageReference section */
		75CF28542F35085E00631EA1 /* XCRemoteSwiftPackageReference "purchases-ios-spm" */ = {
			isa = XCRemoteSwiftPackageReference;
			repositoryURL = "https://github.com/RevenueCat/purchases-ios-spm";
			requirement = {
				kind = upToNextMajorVersion;
				minimumVersion = 5.57.1;
			};
		};
		5F1D7E902F4A000100000001 /* XCRemoteSwiftPackageReference "SwiftSDK" */ = {
			isa = XCRemoteSwiftPackageReference;
			repositoryURL = "https://github.com/TelemetryDeck/SwiftSDK";
			requirement = {
				kind = upToNextMajorVersion;
				minimumVersion = 2.14.1;
			};
		};
/* End XCRemoteSwiftPackageReference section */

/* Begin XCSwiftPackageProductDependency section */
		75CF28552F35085E00631EA1 /* RevenueCat */ = {
			isa = XCSwiftPackageProductDependency;
			package = 75CF28542F35085E00631EA1 /* XCRemoteSwiftPackageReference "purchases-ios-spm" */;
			productName = RevenueCat;
		};
		75CF28572F35085E00631EA1 /* RevenueCatUI */ = {
			isa = XCSwiftPackageProductDependency;
			package = 75CF28542F35085E00631EA1 /* XCRemoteSwiftPackageReference "purchases-ios-spm" */;
			productName = RevenueCatUI;
		};
		5F1D7E912F4A000100000001 /* TelemetryDeck */ = {
			isa = XCSwiftPackageProductDependency;
			package = 5F1D7E902F4A000100000001 /* XCRemoteSwiftPackageReference "SwiftSDK" */;
			productName = TelemetryDeck;
		};
/* End XCSwiftPackageProductDependency section */
	};
	rootObject = 75D59AE02EB3546A006FDFED /* Project object */;
}
